
Microsoft Visual Studio Solution File, Format Version 12.00
# Visual Studio Version 16
VisualStudioVersion = 16.0.33529.622
MinimumVisualStudioVersion = 10.0.40219.1
Project("{FAE04EC0-301F-11D3-BF4B-00C04F79EFBC}") = "SalesManagementSystem", "SalesManagementSystem\SalesManagementSystem.csproj", "{67FECDAD-4920-4492-8E31-7496084B8F68}"
EndProject
Global
	GlobalSection(SolutionConfigurationPlatforms) = preSolution
		Debug|Any CPU = Debug|Any CPU
		Release|Any CPU = Release|Any CPU
	EndGlobalSection
	GlobalSection(ProjectConfigurationPlatforms) = postSolution
		{67FECDAD-4920-4492-8E31-7496084B8F68}.Debug|Any CPU.ActiveCfg = Debug|Any CPU
		{67FECDAD-4920-4492-8E31-7496084B8F68}.Debug|Any CPU.Build.0 = Debug|Any CPU
		{67FECDAD-4920-4492-8E31-7496084B8F68}.Release|Any CPU.ActiveCfg = Release|Any CPU
		{67FECDAD-4920-4492-8E31-7496084B8F68}.Release|Any CPU.Build.0 = Release|Any CPU
	EndGlobalSection
	GlobalSection(SolutionProperties) = preSolution
		HideSolutionNode = FALSE
	EndGlobalSection
	GlobalSection(ExtensibilityGlobals) = postSolution
		SolutionGuid = {74E4C55B-9BC7-4E05-8F67-0FDB12CF0DD7}
	EndGlobalSection
EndGlobal
